name: Validate bun.lock

on:
  pull_request:
    paths:
      - 'bun.lock'

  workflow_dispatch:
    inputs:
      pr_number:
        description: 'Pull Request number to test building'
        required: true
        default: ''

jobs:
  validate:
    permissions:
      contents: read
    runs-on: ubuntu-latest

    steps:
      - name: Checkout Repository (Manual Trigger)
        if: ${{ github.event_name == 'workflow_dispatch' }}
        uses: actions/checkout@v4
        with:
          ref: refs/pull/${{ github.event.inputs.pr_number }}/head

      - name: Checkout Repository (PR Trigger)
        if: ${{ github.event_name != 'workflow_dispatch' }}
        uses: actions/checkout@v4

      - name: Set up bun
        uses: oven-sh/setup-bun@v2
      
      - name: Install Dependencies
        run: bun install --frozen-lockfile
      
      - name: Build Project
        run: bun run build
